{
  "nodes": {
    "dpprpc-src": {
      "flake": false,
      "locked": {
        "lastModified": 1773044331,
        "narHash": "sha256-5O0mypNweyu6nKwjn5nPFCLYuVCWkHWmjN0aeHAr064=",
        "ref": "refs/heads/main",
        "rev": "2a8d4a8ff10b81618b2deb13e4ee4edcfc26e38e",
        "revCount": 1,
        "type": "git",
        "url": "https://git.unium.in/dpprpc"
      },
      "original": {
        "type": "git",
        "url": "https://git.unium.in/dpprpc"
      }
    },
    "equicord-src": {
      "flake": false,
      "locked": {
        "lastModified": 1786076904,
        "narHash": "sha256-QkynX9vierWyPW8C9GmfejWYN5KQERIuY/FZJ8zawkg=",
        "owner": "Equicord",
        "repo": "Equicord",
        "rev": "12ae66762149bb7e6e50e0bbaebb60ca7673b66b",
        "type": "github"
      },
      "original": {
        "owner": "Equicord",
        "ref": "refs/tags/v1.15.0.4",
        "repo": "Equicord",
        "type": "github"
      }
    },
    "flake-utils": {
      "inputs": {
        "systems": "systems"
      },
      "locked": {
        "lastModified": 1731533236,
        "narHash": "sha256-l0KFg5HjrsfsO/JpG+r7fRrqm12kzFHyUHqHCVpMMbI=",
        "owner": "numtide",
        "repo": "flake-utils",
        "rev": "11707dc2f618dd54ca8739b309ec4fc024de578b",
        "type": "github"
      },
      "original": {
        "owner": "numtide",
        "repo": "flake-utils",
        "type": "github"
      }
    },
    "nixpkgs": {
      "locked": {
        "lastModified": 1772624091,
        "narHash": "sha256-QKyJ0QGWBn6r0invrMAK8dmJoBYWoOWy7lN+UHzW1jc=",
        "owner": "nixos",
        "repo": "nixpkgs",
        "rev": "80bdc1e5ce51f56b19791b52b2901187931f5353",
        "type": "github"
      },
      "original": {
        "owner": "nixos",
        "ref": "nixos-unstable",
        "repo": "nixpkgs",
        "type": "github"
      }
    },
    "root": {
      "inputs": {
        "dpprpc-src": "dpprpc-src",
        "equicord-src": "equicord-src",
        "flake-utils": "flake-utils",
        "nixpkgs": "nixpkgs",
        "roverpp-src": "roverpp-src",
        "vencord-src": "vencord-src"
      }
    },
    "roverpp-src": {
      "flake": false,
      "locked": {
        "lastModified": 1772949189,
        "narHash": "sha256-0TE2DIsX5rCm/cG9pX66T5LY8NOW1bzrlYXeOfD7uBI=",
        "ref": "refs/heads/main",
        "rev": "41f925ecbb5f8f00b43aebe01279826981f2ec7a",
        "revCount": 8,
        "type": "git",
        "url": "https://git.unium.in/roverpp"
      },
      "original": {
        "type": "git",
        "url": "https://git.unium.in/roverpp"
      }
    },
    "systems": {
      "locked": {
        "lastModified": 1681028828,
        "narHash": "sha256-Vy1rq5AaRuLzOxct8nz4T6wlgyUR7zLU309k9mBC768=",
        "owner": "nix-systems",
        "repo": "default",
        "rev": "da67096a3b9bf56a91d16901293e51ba5b49a27e",
        "type": "github"
      },
      "original": {
        "owner": "nix-systems",
        "repo": "default",
        "type": "github"
      }
    },
    "vencord-src": {
      "flake": false,
      "locked": {
        "lastModified": 1785094017,
        "narHash": "sha256-z3EY/nc9pHPjuMteY8ubYM3sqgjASznEG6B1U4mNCU4=",
        "owner": "Vendicated",
        "repo": "Vencord",
        "rev": "83b74e2305cb4718b3d55af5fbd93ade50d2bb50",
        "type": "github"
      },
      "original": {
        "owner": "Vendicated",
        "ref": "refs/tags/v1.15.0",
        "repo": "Vencord",
        "type": "github"
      }
    }
  },
  "root": "root",
  "version": 7
}
