{
  "nodes": {
    "equicord-src": {
      "flake": false,
      "locked": {
        "lastModified": 1770858574,
        "narHash": "sha256-3EhopLC42aeHJC0NLMO1NClWwtc1dtGMj/8eCX0Vh/k=",
        "owner": "Equicord",
        "repo": "Equicord",
        "rev": "38c7fc13fe425b42f494347aff1596e967c7ecaa",
        "type": "github"
      },
      "original": {
        "owner": "Equicord",
        "repo": "Equicord",
        "type": "github"
      }
    },
    "flake-utils": {
      "inputs": {
        "systems": "systems"
      },
      "locked": {
        "lastModified": 1731533236,
        "narHash": "sha256-l0KFg5HjrsfsO/JpG+r7fRrqm12kzFHyUHqHCVpMMbI=",
        "owner": "numtide",
        "repo": "flake-utils",
        "rev": "11707dc2f618dd54ca8739b309ec4fc024de578b",
        "type": "github"
      },
      "original": {
        "owner": "numtide",
        "repo": "flake-utils",
        "type": "github"
      }
    },
    "nixpkgs": {
      "locked": {
        "lastModified": 1770841267,
        "narHash": "sha256-9xejG0KoqsoKEGp2kVbXRlEYtFFcDTHjidiuX8hGO44=",
        "owner": "nixos",
        "repo": "nixpkgs",
        "rev": "ec7c70d12ce2fc37cb92aff673dcdca89d187bae",
        "type": "github"
      },
      "original": {
        "owner": "nixos",
        "ref": "nixos-unstable",
        "repo": "nixpkgs",
        "type": "github"
      }
    },
    "root": {
      "inputs": {
        "equicord-src": "equicord-src",
        "flake-utils": "flake-utils",
        "nixpkgs": "nixpkgs",
        "vencord-src": "vencord-src"
      }
    },
    "systems": {
      "locked": {
        "lastModified": 1681028828,
        "narHash": "sha256-Vy1rq5AaRuLzOxct8nz4T6wlgyUR7zLU309k9mBC768=",
        "owner": "nix-systems",
        "repo": "default",
        "rev": "da67096a3b9bf56a91d16901293e51ba5b49a27e",
        "type": "github"
      },
      "original": {
        "owner": "nix-systems",
        "repo": "default",
        "type": "github"
      }
    },
    "vencord-src": {
      "flake": false,
      "locked": {
        "lastModified": 1770682757,
        "narHash": "sha256-KYOdA41BCP3gnwM/yqmgh/qV+zKaR12c04k52RG6q6g=",
        "owner": "Vendicated",
        "repo": "Vencord",
        "rev": "f9c404c229af828b362086ae954252647c80b208",
        "type": "github"
      },
      "original": {
        "owner": "Vendicated",
        "repo": "Vencord",
        "type": "github"
      }
    }
  },
  "root": "root",
  "version": 7
}
