{
  "nodes": {
    "dpprpc-src": {
      "flake": false,
      "locked": {
        "lastModified": 1773093221,
        "narHash": "sha256-zNPE6DkbKF4IzUKWHTIGygITn+aVsDXRHExXg65jH0w=",
        "ref": "refs/heads/main",
        "rev": "194498db6e36a604a6f3350354b5d92aae26f358",
        "revCount": 5,
        "type": "git",
        "url": "https://codeberg.org/TheUnium/dpprpc"
      },
      "original": {
        "type": "git",
        "url": "https://codeberg.org/TheUnium/dpprpc"
      }
    },
    "equicord-src": {
      "flake": false,
      "locked": {
        "lastModified": 1778256540,
        "narHash": "sha256-F+aT0XEgxi8lpNqYM9dCdImGg8NJ5h0i0XhGw37GNsM=",
        "owner": "Equicord",
        "repo": "Equicord",
        "rev": "d8bbdc8674007a46dc96fc3a8731d98504e86fc9",
        "type": "github"
      },
      "original": {
        "owner": "Equicord",
        "ref": "refs/tags/v1.14.13.0",
        "repo": "Equicord",
        "type": "github"
      }
    },
    "flake-utils": {
      "inputs": {
        "systems": "systems"
      },
      "locked": {
        "lastModified": 1731533236,
        "narHash": "sha256-l0KFg5HjrsfsO/JpG+r7fRrqm12kzFHyUHqHCVpMMbI=",
        "owner": "numtide",
        "repo": "flake-utils",
        "rev": "11707dc2f618dd54ca8739b309ec4fc024de578b",
        "type": "github"
      },
      "original": {
        "owner": "numtide",
        "repo": "flake-utils",
        "type": "github"
      }
    },
    "nixpkgs": {
      "locked": {
        "lastModified": 1772624091,
        "narHash": "sha256-QKyJ0QGWBn6r0invrMAK8dmJoBYWoOWy7lN+UHzW1jc=",
        "owner": "nixos",
        "repo": "nixpkgs",
        "rev": "80bdc1e5ce51f56b19791b52b2901187931f5353",
        "type": "github"
      },
      "original": {
        "owner": "nixos",
        "ref": "nixos-unstable",
        "repo": "nixpkgs",
        "type": "github"
      }
    },
    "root": {
      "inputs": {
        "dpprpc-src": "dpprpc-src",
        "equicord-src": "equicord-src",
        "flake-utils": "flake-utils",
        "nixpkgs": "nixpkgs",
        "roverpp-src": "roverpp-src",
        "vencord-src": "vencord-src"
      }
    },
    "roverpp-src": {
      "flake": false,
      "locked": {
        "lastModified": 1772949189,
        "narHash": "sha256-0TE2DIsX5rCm/cG9pX66T5LY8NOW1bzrlYXeOfD7uBI=",
        "ref": "refs/heads/main",
        "rev": "41f925ecbb5f8f00b43aebe01279826981f2ec7a",
        "revCount": 8,
        "type": "git",
        "url": "https://codeberg.org/TheUnium/roverpp"
      },
      "original": {
        "type": "git",
        "url": "https://codeberg.org/TheUnium/roverpp"
      }
    },
    "systems": {
      "locked": {
        "lastModified": 1681028828,
        "narHash": "sha256-Vy1rq5AaRuLzOxct8nz4T6wlgyUR7zLU309k9mBC768=",
        "owner": "nix-systems",
        "repo": "default",
        "rev": "da67096a3b9bf56a91d16901293e51ba5b49a27e",
        "type": "github"
      },
      "original": {
        "owner": "nix-systems",
        "repo": "default",
        "type": "github"
      }
    },
    "vencord-src": {
      "flake": false,
      "locked": {
        "lastModified": 1778255439,
        "narHash": "sha256-Xqk/akTa/NcHjSm6h77y6Fkvq7ayBcR0w0HG0Hwfkf8=",
        "owner": "Vendicated",
        "repo": "Vencord",
        "rev": "909df8b8c22e377aacbab6587db10e952bf1a461",
        "type": "github"
      },
      "original": {
        "owner": "Vendicated",
        "ref": "refs/tags/v1.14.13",
        "repo": "Vencord",
        "type": "github"
      }
    }
  },
  "root": "root",
  "version": 7
}
